
Microsoft Visual Studio Solution File, Format Version 12.00
# Visual Studio Version 17
VisualStudioVersion = 17.3.32922.545
MinimumVisualStudioVersion = 10.0.40219.1
Project("{FAE04EC0-301F-11D3-BF4B-00C04F79EFBC}") = "belajar", "belajar\belajar.csproj", "{EAFF1A3E-B086-4CE5-855B-57551AE26A32}"
EndProject
Global
	GlobalSection(SolutionConfigurationPlatforms) = preSolution
		Debug|Any CPU = Debug|Any CPU
		Release|Any CPU = Release|Any CPU
	EndGlobalSection
	GlobalSection(ProjectConfigurationPlatforms) = postSolution
		{EAFF1A3E-B086-4CE5-855B-57551AE26A32}.Debug|Any CPU.ActiveCfg = Debug|Any CPU
		{EAFF1A3E-B086-4CE5-855B-57551AE26A32}.Debug|Any CPU.Build.0 = Debug|Any CPU
		{EAFF1A3E-B086-4CE5-855B-57551AE26A32}.Release|Any CPU.ActiveCfg = Release|Any CPU
		{EAFF1A3E-B086-4CE5-855B-57551AE26A32}.Release|Any CPU.Build.0 = Release|Any CPU
	EndGlobalSection
	GlobalSection(SolutionProperties) = preSolution
		HideSolutionNode = FALSE
	EndGlobalSection
	GlobalSection(ExtensibilityGlobals) = postSolution
		SolutionGuid = {AFFB8395-B1FE-44B6-8729-BCBE8F697F1A}
	EndGlobalSection
EndGlobal
